
Microsoft Visual Studio Solution File, Format Version 11.00
# Visual Studio 2010
Project("{FAE04EC0-301F-11D3-BF4B-00C04F79EFBC}") = "AstarPathfindingProject", "AstarPathfindingProject.csproj", "{05d41c79-fd23-0538-207f-04bdaefd2a15}"
EndProject
Project("{FAE04EC0-301F-11D3-BF4B-00C04F79EFBC}") = "Assembly-CSharp", "Assembly-CSharp.csproj", "{0071db64-abaa-7c28-caf5-b49a23427f58}"
EndProject
Project("{FAE04EC0-301F-11D3-BF4B-00C04F79EFBC}") = "AstarPathfindingProjectEditor", "AstarPathfindingProjectEditor.csproj", "{a1fc13c8-2b98-5ccd-d728-644da80a9304}"
EndProject
Project("{FAE04EC0-301F-11D3-BF4B-00C04F79EFBC}") = "PackageToolsEditor", "PackageToolsEditor.csproj", "{2b0bb5b7-14e0-1c49-5f56-d7d310998f7b}"
EndProject
Global
	GlobalSection(SolutionConfigurationPlatforms) = preSolution
		Debug|Any CPU = Debug|Any CPU
	EndGlobalSection
	GlobalSection(ProjectConfigurationPlatforms) = postSolution
		{05d41c79-fd23-0538-207f-04bdaefd2a15}.Debug|Any CPU.ActiveCfg = Debug|Any CPU
		{05d41c79-fd23-0538-207f-04bdaefd2a15}.Debug|Any CPU.Build.0 = Debug|Any CPU
		{0071db64-abaa-7c28-caf5-b49a23427f58}.Debug|Any CPU.ActiveCfg = Debug|Any CPU
		{0071db64-abaa-7c28-caf5-b49a23427f58}.Debug|Any CPU.Build.0 = Debug|Any CPU
		{a1fc13c8-2b98-5ccd-d728-644da80a9304}.Debug|Any CPU.ActiveCfg = Debug|Any CPU
		{a1fc13c8-2b98-5ccd-d728-644da80a9304}.Debug|Any CPU.Build.0 = Debug|Any CPU
		{2b0bb5b7-14e0-1c49-5f56-d7d310998f7b}.Debug|Any CPU.ActiveCfg = Debug|Any CPU
		{2b0bb5b7-14e0-1c49-5f56-d7d310998f7b}.Debug|Any CPU.Build.0 = Debug|Any CPU
	EndGlobalSection
	GlobalSection(SolutionProperties) = preSolution
		HideSolutionNode = FALSE
	EndGlobalSection
EndGlobal
